{"1.2.0",
[{<<"bcrypt">>,
  {git,"https://github.com/erlangpack/bcrypt.git",
       {ref,"257683df59abf9fd8b88248ee89398f9923afdeb"}},
  0},
 {<<"cowlib">>,
  {git,"https://github.com/ninenines/cowlib",
       {ref,"d0ab49ed797e5bb48209825428d26947d74aabd5"}},
  1},
 {<<"epgsql">>,{pkg,<<"epgsql">>,<<"4.6.0">>},0},
 {<<"erlpass">>,
  {git,"https://github.com/ferd/erlpass.git",
       {ref,"535bb49e60c1bca9d979e3976f43b62e4fb121a2"}},
  0},
 {<<"gun">>,
  {git,"https://github.com/ninenines/gun",
       {ref,"8617acaba7cea76595caf5da5e27bb17d7559872"}},
  0},
 {<<"jsone">>,
  {git,"https://github.com/sile/jsone",
       {ref,"15f03bdb52c3860222101ad3a31a63120fa92023"}},
  0},
 {<<"jsx">>,
  {git,"https://github.com/talentdeficit/jsx",
       {ref,"1d3407aa9752430ec0a06111ac1b046ffafdca22"}},
  0},
 {<<"key_guardian">>,
  {git,"https://github.com/zaryntech/key-guardian",
       {ref,"2939b6a6b3ea324a9e875ae15b8d520b06b9db8b"}},
  0},
 {<<"nanoid">>,
  {git,"https://github.com/zaryntech/nanoid.git",
       {ref,"ba450219a55e5baac34b38668a7843582d0f975b"}},
  0},
 {<<"poolboy">>,{pkg,<<"poolboy">>,<<"1.5.2">>},1},
 {<<"proper">>,
  {git,"https://github.com/manopapad/proper.git",
       {ref,"a5ae5669f01143b0828fc21667d4f5e344aa760b"}},
  0}]}.
[
{pkg_hash,[
 {<<"epgsql">>, <<"A403534D03811C867E79405BB18D6061A5FCEF92ACF0236A9150AC93748CE143">>},
 {<<"poolboy">>, <<"392B007A1693A64540CEAD79830443ABF5762F5D30CF50BC95CB2C1AAAFA006B">>}]},
{pkg_hash_ext,[
 {<<"epgsql">>, <<"6BE4910A02551F21EAB6F6F27D97B0D4B1DFFC617F1A64C8C95FDD45652FA9E1">>},
 {<<"poolboy">>, <<"DAD79704CE5440F3D5A3681C8590B9DC25D1A561E8F5A9C995281012860901E3">>}]}
].
