{"1.2.0",
[{<<"bcrypt">>,
  {git,"https://github.com/erlangpack/bcrypt.git",
       {ref,"257683df59abf9fd8b88248ee89398f9923afdeb"}},
  0},
 {<<"epgsql">>,{pkg,<<"epgsql">>,<<"4.6.0">>},0},
 {<<"erlpass">>,
  {git,"https://github.com/ferd/erlpass.git",
       {ref,"34bb7ca3dab46094893a5b31f0e6f2ffa60f2641"}},
  0},
 {<<"key_guardian">>,
  {git,"https://github.com/zaryntech/key-guardian",
       {ref,"2da2df2f95181258c078bc15570286e054a6a3a4"}},
  0},
 {<<"nanoid">>,
  {git,"https://github.com/zaryntech/nanoid.git",
       {ref,"429904c8c7513ecd327b6bf5793909cd853596f5"}},
  0},
 {<<"poolboy">>,{pkg,<<"poolboy">>,<<"1.5.2">>},1},
 {<<"proper">>,
  {git,"https://github.com/manopapad/proper.git",
       {ref,"def84f172df92635cc62f3356e3e7ad054638eb4"}},
  0}]}.
[
{pkg_hash,[
 {<<"epgsql">>, <<"A403534D03811C867E79405BB18D6061A5FCEF92ACF0236A9150AC93748CE143">>},
 {<<"poolboy">>, <<"392B007A1693A64540CEAD79830443ABF5762F5D30CF50BC95CB2C1AAAFA006B">>}]},
{pkg_hash_ext,[
 {<<"epgsql">>, <<"6BE4910A02551F21EAB6F6F27D97B0D4B1DFFC617F1A64C8C95FDD45652FA9E1">>},
 {<<"poolboy">>, <<"DAD79704CE5440F3D5A3681C8590B9DC25D1A561E8F5A9C995281012860901E3">>}]}
].
