{"1.2.0",
[{<<"bcrypt">>,
  {git,"https://github.com/erlangpack/bcrypt.git",
       {ref,"564b39e2f86a0e3d8ca08dcd1aae924acffe1408"}},
  0},
 {<<"cowlib">>,
  {git,"https://github.com/ninenines/cowlib",
       {ref,"d0ab49ed797e5bb48209825428d26947d74aabd5"}},
  1},
 {<<"epgsql">>,{pkg,<<"epgsql">>,<<"4.6.0">>},0},
 {<<"erlpass">>,
  {git,"https://github.com/ferd/erlpass.git",
       {ref,"b6f843454106d00b9a067b9ad87b9208ac152abc"}},
  0},
 {<<"gun">>,
  {git,"https://github.com/ninenines/gun",
       {ref,"50491ae56fbb26dc108f5e7ebd7edb384a3fa295"}},
  0},
 {<<"jiffy">>,
  {git,"https://github.com/davisp/jiffy",
       {ref,"50daa80a62a97ffb6dd46ea9cb8ccb4930cbf1ae"}},
  0},
 {<<"jsone">>,
  {git,"https://github.com/sile/jsone",
       {ref,"a1c481fbba655eb1a1dceae259864f46d2933aa6"}},
  0},
 {<<"jsx">>,
  {git,"https://github.com/talentdeficit/jsx",
       {ref,"1d3407aa9752430ec0a06111ac1b046ffafdca22"}},
  0},
 {<<"key_guardian">>,
  {git,"https://github.com/zaryntech/key-guardian",
       {ref,"2939b6a6b3ea324a9e875ae15b8d520b06b9db8b"}},
  0},
 {<<"nanoid">>,
  {git,"https://github.com/zaryntech/nanoid.git",
       {ref,"9fab2c7c02be60358aab10642e367842e1e1c8fd"}},
  0},
 {<<"poolboy">>,{pkg,<<"poolboy">>,<<"1.5.2">>},1},
 {<<"proper">>,
  {git,"https://github.com/manopapad/proper.git",
       {ref,"b55f7dfa032c9a2c0b40cc801087a5fbf60fe85a"}},
  0}]}.
[
{pkg_hash,[
 {<<"epgsql">>, <<"A403534D03811C867E79405BB18D6061A5FCEF92ACF0236A9150AC93748CE143">>},
 {<<"poolboy">>, <<"392B007A1693A64540CEAD79830443ABF5762F5D30CF50BC95CB2C1AAAFA006B">>}]},
{pkg_hash_ext,[
 {<<"epgsql">>, <<"6BE4910A02551F21EAB6F6F27D97B0D4B1DFFC617F1A64C8C95FDD45652FA9E1">>},
 {<<"poolboy">>, <<"DAD79704CE5440F3D5A3681C8590B9DC25D1A561E8F5A9C995281012860901E3">>}]}
].
