# THIS IS AN AUTOGENERATED FILE. DO NOT EDIT THIS FILE DIRECTLY.
# yarn lockfile v1


"@vue/reactivity@~3.1.1":
  version "3.1.5"
  resolved "https://registry.yarnpkg.com/@vue/reactivity/-/reactivity-3.1.5.tgz#dbec4d9557f7c8f25c2635db1e23a78a729eb991"
  integrity sha512-1tdfLmNjWG6t/CsPldh+foumYFo3cpyCHgBYQ34ylaMsJ+SNHQ1kApMIa8jN+i593zQuaw3AdWH0nJTARzCFhg==
  dependencies:
    "@vue/shared" "3.1.5"

"@vue/shared@3.1.5":
  version "3.1.5"
  resolved "https://registry.yarnpkg.com/@vue/shared/-/shared-3.1.5.tgz#74ee3aad995d0a3996a6bb9533d4d280514ede03"
  integrity sha512-oJ4F3TnvpXaQwZJNF3ZK+kLPHKarDmJjJ6jyzVNDKH9md1dptjC7lWR//jrGuLdek/U6iltWxqAnYOu8gCiOvA==

alpinejs@^3.14.9:
  version "3.14.9"
  resolved "https://registry.yarnpkg.com/alpinejs/-/alpinejs-3.14.9.tgz#381a050152acb221b2209d9398935d5cd4c18afc"
  integrity sha512-gqSOhTEyryU9FhviNqiHBHzgjkvtukq9tevew29fTj+ofZtfsYriw4zPirHHOAy9bw8QoL3WGhyk7QqCh5AYlw==
  dependencies:
    "@vue/reactivity" "~3.1.1"

morphdom@2.7.5:
  version "2.7.5"
  resolved "https://registry.yarnpkg.com/morphdom/-/morphdom-2.7.5.tgz#1f3942c85df3745a28674c41ddad572910259c05"
  integrity sha512-z6bfWFMra7kBqDjQGHud1LSXtq5JJC060viEkQFMBX6baIecpkNr2Ywrn2OQfWP3rXiNFQRPoFjD8/TvJcWcDg==

phoenix@^1.7.21:
  version "1.7.21"
  resolved "https://registry.yarnpkg.com/phoenix/-/phoenix-1.7.21.tgz#b1ff7d21f5bd8ceee35953f3ca3921e31d15d88a"
  integrity sha512-8wOvJ8pQXRxNbyFlMI+wQhK3bvX4Ps3FtUX2+0cV6lkcebe9VTIl+xS60FLAeaPieFg80djor5z/AKofnwqAUw==

phoenix_html@^4.2.1:
  version "4.2.1"
  resolved "https://registry.yarnpkg.com/phoenix_html/-/phoenix_html-4.2.1.tgz#fdca45a43aa055cb6edbcd6e2386a17163582ebd"
  integrity sha512-jmxnnkPO8mo5Vw/ZAq9c3AUog9d/M8VoSjleNAvhClE5ynVZuv/m31asHRfqWrhzrZwEM4H+pHh3Br719nr2gw==

phoenix_live_view@^1.0.10:
  version "1.0.12"
  resolved "https://registry.yarnpkg.com/phoenix_live_view/-/phoenix_live_view-1.0.12.tgz#bd12c5cc8db96e7eebebfdb7f0cea31d55c13b08"
  integrity sha512-W6qT0YGezFQ15U+eXui/FyM/BaLsiL8zg4e6nVrhit/pEBfmibWCrmgaaSxz5Vrk4m2xiTAp4Rbywo4RlwbonA==
  dependencies:
    morphdom "2.7.5"
