# THIS IS AN AUTOGENERATED FILE. DO NOT EDIT THIS FILE DIRECTLY.
# yarn lockfile v1


"@vue/reactivity@~3.1.1":
  version "3.1.5"
  resolved "https://registry.npmjs.org/@vue/reactivity/-/reactivity-3.1.5.tgz"
  integrity sha512-1tdfLmNjWG6t/CsPldh+foumYFo3cpyCHgBYQ34ylaMsJ+SNHQ1kApMIa8jN+i593zQuaw3AdWH0nJTARzCFhg==
  dependencies:
    "@vue/shared" "3.1.5"

"@vue/shared@3.1.5":
  version "3.1.5"
  resolved "https://registry.npmjs.org/@vue/shared/-/shared-3.1.5.tgz"
  integrity sha512-oJ4F3TnvpXaQwZJNF3ZK+kLPHKarDmJjJ6jyzVNDKH9md1dptjC7lWR//jrGuLdek/U6iltWxqAnYOu8gCiOvA==

alpinejs@^3.12.2:
  version "3.12.3"
  resolved "https://registry.npmjs.org/alpinejs/-/alpinejs-3.12.3.tgz"
  integrity sha512-fLz2dfYQ3xCk7Ip8LiIpV2W+9brUyex2TAE7Z0BCvZdUDklJE+n+a8gCgLWzfZ0GzZNZu7HUP8Z0z6Xbm6fsSA==
  dependencies:
    "@vue/reactivity" "~3.1.1"

morphdom@2.7.5:
  version "2.7.5"
  resolved "https://registry.npmjs.org/morphdom/-/morphdom-2.7.5.tgz"
  integrity sha512-z6bfWFMra7kBqDjQGHud1LSXtq5JJC060viEkQFMBX6baIecpkNr2Ywrn2OQfWP3rXiNFQRPoFjD8/TvJcWcDg==

phoenix_html@^4.2.1:
  version "4.2.1"
  resolved "https://registry.npmjs.org/phoenix_html/-/phoenix_html-4.2.1.tgz"
  integrity sha512-jmxnnkPO8mo5Vw/ZAq9c3AUog9d/M8VoSjleNAvhClE5ynVZuv/m31asHRfqWrhzrZwEM4H+pHh3Br719nr2gw==

phoenix_live_view@^1.0.10:
  version "1.0.10"
  resolved "https://registry.npmjs.org/phoenix_live_view/-/phoenix_live_view-1.0.10.tgz"
  integrity sha512-LYcDBZjzyQVpl75bwIMoM3xLgMPUNNvdAX3SPCpz5jB8tabihOrmBy8HbN6gVyORglRstkaEu64hHZft9qFvIw==
  dependencies:
    morphdom "2.7.5"

phoenix@^1.7.21:
  version "1.7.21"
  resolved "https://registry.npmjs.org/phoenix/-/phoenix-1.7.21.tgz"
  integrity sha512-8wOvJ8pQXRxNbyFlMI+wQhK3bvX4Ps3FtUX2+0cV6lkcebe9VTIl+xS60FLAeaPieFg80djor5z/AKofnwqAUw==
